
Microsoft Visual Studio Solution File, Format Version 12.00
# Visual Studio Version 17
VisualStudioVersion = 17.5.001.0
MinimumVisualStudioVersion = 10.0.40219.1
Project("{9A19103F-16F7-4668-BE54-9A1E7A4F7556}") = "C#", "C#.csproj", "{DBB8DB0F-937B-4F08-9936-3BB758150037}"
EndProject
Global
	GlobalSection(SolutionConfigurationPlatforms) = preSolution
		Debug|Any CPU = Debug|Any CPU
		Release|Any CPU = Release|Any CPU
	EndGlobalSection
	GlobalSection(ProjectConfigurationPlatforms) = postSolution
		{DBB8DB0F-937B-4F08-9936-3BB758150037}.Debug|Any CPU.ActiveCfg = Debug|Any CPU
		{DBB8DB0F-937B-4F08-9936-3BB758150037}.Debug|Any CPU.Build.0 = Debug|Any CPU
		{DBB8DB0F-937B-4F08-9936-3BB758150037}.Release|Any CPU.ActiveCfg = Release|Any CPU
		{DBB8DB0F-937B-4F08-9936-3BB758150037}.Release|Any CPU.Build.0 = Release|Any CPU
	EndGlobalSection
	GlobalSection(SolutionProperties) = preSolution
		HideSolutionNode = FALSE
	EndGlobalSection
	GlobalSection(ExtensibilityGlobals) = postSolution
		SolutionGuid = {04482E37-6BFE-40E5-BFA7-55E1BFE7FC7D}
	EndGlobalSection
EndGlobal
